
Microsoft Visual Studio Solution File, Format Version 12.00
# Visual Studio 15
VisualStudioVersion = 15.0.26430.13
MinimumVisualStudioVersion = 10.0.40219.1
Project("{FAE04EC0-301F-11D3-BF4B-00C04F79EFBC}") = "MP3PlayerMetro", "MP3PlayerMetro\MP3PlayerMetro.csproj", "{22D9C5C7-ECD3-4501-B570-122CBAED691B}"
EndProject
Global
	GlobalSection(SolutionConfigurationPlatforms) = preSolution
		Debug|Any CPU = Debug|Any CPU
		Release|Any CPU = Release|Any CPU
	EndGlobalSection
	GlobalSection(ProjectConfigurationPlatforms) = postSolution
		{22D9C5C7-ECD3-4501-B570-122CBAED691B}.Debug|Any CPU.ActiveCfg = Debug|Any CPU
		{22D9C5C7-ECD3-4501-B570-122CBAED691B}.Debug|Any CPU.Build.0 = Debug|Any CPU
		{22D9C5C7-ECD3-4501-B570-122CBAED691B}.Release|Any CPU.ActiveCfg = Release|Any CPU
		{22D9C5C7-ECD3-4501-B570-122CBAED691B}.Release|Any CPU.Build.0 = Release|Any CPU
	EndGlobalSection
	GlobalSection(SolutionProperties) = preSolution
		HideSolutionNode = FALSE
	EndGlobalSection
EndGlobal
